// !$*UTF8*$!
{
	archiveVersion = 1;
	classes = {
	};
	objectVersion = 46;
	objects = {

/* Begin PBXBuildFile section */
		092D6F171BC3A54600F415E9 /* main.m in Sources */ = {isa = PBXBuildFile; fileRef = 092D6F161BC3A54600F415E9 /* main.m */; };
		092D6F1A1BC3A54600F415E9 /* AppDelegate.m in Sources */ = {isa = PBXBuildFile; fileRef = 092D6F191BC3A54600F415E9 /* AppDelegate.m */; };
		092D6F1D1BC3A54600F415E9 /* ViewController.m in Sources */ = {isa = PBXBuildFile; fileRef = 092D6F1C1BC3A54600F415E9 /* ViewController.m */; };
		092D6F201BC3A54600F415E9 /* Main.storyboard in Resources */ = {isa = PBXBuildFile; fileRef = 092D6F1E1BC3A54600F415E9 /* Main.storyboard */; };
		092D6F221BC3A54600F415E9 /* Assets.xcassets in Resources */ = {isa = PBXBuildFile; fileRef = 092D6F211BC3A54600F415E9 /* Assets.xcassets */; };
		092D6F251BC3A54600F415E9 /* LaunchScreen.storyboard in Resources */ = {isa = PBXBuildFile; fileRef = 092D6F231BC3A54600F415E9 /* LaunchScreen.storyboard */; };
		092D6F301BC3A54600F415E9 /* ELSimpleAlertViewTests.m in Sources */ = {isa = PBXBuildFile; fileRef = 092D6F2F1BC3A54600F415E9 /* ELSimpleAlertViewTests.m */; };
		092D6F3B1BC3A54600F415E9 /* ELSimpleAlertViewUITests.m in Sources */ = {isa = PBXBuildFile; fileRef = 092D6F3A1BC3A54600F415E9 /* ELSimpleAlertViewUITests.m */; };
		092D6F4A1BC3A57600F415E9 /* ELSimpleAlertView.m in Sources */ = {isa = PBXBuildFile; fileRef = 092D6F481BC3A57600F415E9 /* ELSimpleAlertView.m */; settings = {ASSET_TAGS = (); }; };
/* End PBXBuildFile section */

/* Begin PBXContainerItemProxy section */
		092D6F2C1BC3A54600F415E9 /* PBXContainerItemProxy */ = {
			isa = PBXContainerItemProxy;
			containerPortal = 092D6F0A1BC3A54600F415E9 /* Project object */;
			proxyType = 1;
			remoteGlobalIDString = 092D6F111BC3A54600F415E9;
			remoteInfo = ELSimpleAlertView;
		};
		092D6F371BC3A54600F415E9 /* PBXContainerItemProxy */ = {
			isa = PBXContainerItemProxy;
			containerPortal = 092D6F0A1BC3A54600F415E9 /* Project object */;
			proxyType = 1;
			remoteGlobalIDString = 092D6F111BC3A54600F415E9;
			remoteInfo = ELSimpleAlertView;
		};
/* End PBXContainerItemProxy section */

/* Begin PBXFileReference section */
		092D6F121BC3A54600F415E9 /* ELSimpleAlertView.app */ = {isa = PBXFileReference; explicitFileType = wrapper.application; includeInIndex = 0; path = ELSimpleAlertView.app; sourceTree = BUILT_PRODUCTS_DIR; };
		092D6F161BC3A54600F415E9 /* main.m */ = {isa = PBXFileReference; lastKnownFileType = sourcecode.c.objc; path = main.m; sourceTree = "<group>"; };
		092D6F181BC3A54600F415E9 /* AppDelegate.h */ = {isa = PBXFileReference; lastKnownFileType = sourcecode.c.h; path = AppDelegate.h; sourceTree = "<group>"; };
		092D6F191BC3A54600F415E9 /* AppDelegate.m */ = {isa = PBXFileReference; lastKnownFileType = sourcecode.c.objc; path = AppDelegate.m; sourceTree = "<group>"; };
		092D6F1B1BC3A54600F415E9 /* ViewController.h */ = {isa = PBXFileReference; lastKnownFileType = sourcecode.c.h; path = ViewController.h; sourceTree = "<group>"; };
		092D6F1C1BC3A54600F415E9 /* ViewController.m */ = {isa = PBXFileReference; lastKnownFileType = sourcecode.c.objc; path = ViewController.m; sourceTree = "<group>"; };
		092D6F1F1BC3A54600F415E9 /* Base */ = {isa = PBXFileReference; lastKnownFileType = file.storyboard; name = Base; path = Base.lproj/Main.storyboard; sourceTree = "<group>"; };
		092D6F211BC3A54600F415E9 /* Assets.xcassets */ = {isa = PBXFileReference; lastKnownFileType = folder.assetcatalog; path = Assets.xcassets; sourceTree = "<group>"; };
		092D6F241BC3A54600F415E9 /* Base */ = {isa = PBXFileReference; lastKnownFileType = file.storyboard; name = Base; path = Base.lproj/LaunchScreen.storyboard; sourceTree = "<group>"; };
		092D6F261BC3A54600F415E9 /* Info.plist */ = {isa = PBXFileReference; lastKnownFileType = text.plist.xml; path = Info.plist; sourceTree = "<group>"; };
		092D6F2B1BC3A54600F415E9 /* ELSimpleAlertViewTests.xctest */ = {isa = PBXFileReference; explicitFileType = wrapper.cfbundle; includeInIndex = 0; path = ELSimpleAlertViewTests.xctest; sourceTree = BUILT_PRODUCTS_DIR; };
		092D6F2F1BC3A54600F415E9 /* ELSimpleAlertViewTests.m */ = {isa = PBXFileReference; lastKnownFileType = sourcecode.c.objc; path = ELSimpleAlertViewTests.m; sourceTree = "<group>"; };
		092D6F311BC3A54600F415E9 /* Info.plist */ = {isa = PBXFileReference; lastKnownFileType = text.plist.xml; path = Info.plist; sourceTree = "<group>"; };
		092D6F361BC3A54600F415E9 /* ELSimpleAlertViewUITests.xctest */ = {isa = PBXFileReference; explicitFileType = wrapper.cfbundle; includeInIndex = 0; path = ELSimpleAlertViewUITests.xctest; sourceTree = BUILT_PRODUCTS_DIR; };
		092D6F3A1BC3A54600F415E9 /* ELSimpleAlertViewUITests.m */ = {isa = PBXFileReference; lastKnownFileType = sourcecode.c.objc; path = ELSimpleAlertViewUITests.m; sourceTree = "<group>"; };
		092D6F3C1BC3A54600F415E9 /* Info.plist */ = {isa = PBXFileReference; lastKnownFileType = text.plist.xml; path = Info.plist; sourceTree = "<group>"; };
		092D6F481BC3A57600F415E9 /* ELSimpleAlertView.m */ = {isa = PBXFileReference; fileEncoding = 4; lastKnownFileType = sourcecode.c.objc; path = ELSimpleAlertView.m; sourceTree = "<group>"; };
		092D6F491BC3A57600F415E9 /* ELSimpleAlertView.h */ = {isa = PBXFileReference; fileEncoding = 4; lastKnownFileType = sourcecode.c.h; path = ELSimpleAlertView.h; sourceTree = "<group>"; };
/* End PBXFileReference section */

/* Begin PBXFrameworksBuildPhase section */
		092D6F0F1BC3A54600F415E9 /* Frameworks */ = {
			isa = PBXFrameworksBuildPhase;
			buildActionMask = 2147483647;
			files = (
			);
			runOnlyForDeploymentPostprocessing = 0;
		};
		092D6F281BC3A54600F415E9 /* Frameworks */ = {
			isa = PBXFrameworksBuildPhase;
			buildActionMask = 2147483647;
			files = (
			);
			runOnlyForDeploymentPostprocessing = 0;
		};
		092D6F331BC3A54600F415E9 /* Frameworks */ = {
			isa = PBXFrameworksBuildPhase;
			buildActionMask = 2147483647;
			files = (
			);
			runOnlyForDeploymentPostprocessing = 0;
		};
/* End PBXFrameworksBuildPhase section */

/* Begin PBXGroup section */
		092D6F091BC3A54600F415E9 = {
			isa = PBXGroup;
			children = (
				092D6F141BC3A54600F415E9 /* ELSimpleAlertView */,
				092D6F2E1BC3A54600F415E9 /* ELSimpleAlertViewTests */,
				092D6F391BC3A54600F415E9 /* ELSimpleAlertViewUITests */,
				092D6F131BC3A54600F415E9 /* Products */,
			);
			sourceTree = "<group>";
		};
		092D6F131BC3A54600F415E9 /* Products */ = {
			isa = PBXGroup;
			children = (
				092D6F121BC3A54600F415E9 /* ELSimpleAlertView.app */,
				092D6F2B1BC3A54600F415E9 /* ELSimpleAlertViewTests.xctest */,
				092D6F361BC3A54600F415E9 /* ELSimpleAlertViewUITests.xctest */,
			);
			name = Products;
			sourceTree = "<group>";
		};
		092D6F141BC3A54600F415E9 /* ELSimpleAlertView */ = {
			isa = PBXGroup;
			children = (
				092D6F481BC3A57600F415E9 /* ELSimpleAlertView.m */,
				092D6F491BC3A57600F415E9 /* ELSimpleAlertView.h */,
				092D6F181BC3A54600F415E9 /* AppDelegate.h */,
				092D6F191BC3A54600F415E9 /* AppDelegate.m */,
				092D6F1B1BC3A54600F415E9 /* ViewController.h */,
				092D6F1C1BC3A54600F415E9 /* ViewController.m */,
				092D6F1E1BC3A54600F415E9 /* Main.storyboard */,
				092D6F211BC3A54600F415E9 /* Assets.xcassets */,
				092D6F231BC3A54600F415E9 /* LaunchScreen.storyboard */,
				092D6F261BC3A54600F415E9 /* Info.plist */,
				092D6F151BC3A54600F415E9 /* Supporting Files */,
			);
			path = ELSimpleAlertView;
			sourceTree = "<group>";
		};
		092D6F151BC3A54600F415E9 /* Supporting Files */ = {
			isa = PBXGroup;
			children = (
				092D6F161BC3A54600F415E9 /* main.m */,
			);
			name = "Supporting Files";
			sourceTree = "<group>";
		};
		092D6F2E1BC3A54600F415E9 /* ELSimpleAlertViewTests */ = {
			isa = PBXGroup;
			children = (
				092D6F2F1BC3A54600F415E9 /* ELSimpleAlertViewTests.m */,
				092D6F311BC3A54600F415E9 /* Info.plist */,
			);
			path = ELSimpleAlertViewTests;
			sourceTree = "<group>";
		};
		092D6F391BC3A54600F415E9 /* ELSimpleAlertViewUITests */ = {
			isa = PBXGroup;
			children = (
				092D6F3A1BC3A54600F415E9 /* ELSimpleAlertViewUITests.m */,
				092D6F3C1BC3A54600F415E9 /* Info.plist */,
			);
			path = ELSimpleAlertViewUITests;
			sourceTree = "<group>";
		};
/* End PBXGroup section */

/* Begin PBXNativeTarget section */
		092D6F111BC3A54600F415E9 /* ELSimpleAlertView */ = {
			isa = PBXNativeTarget;
			buildConfigurationList = 092D6F3F1BC3A54600F415E9 /* Build configuration list for PBXNativeTarget "ELSimpleAlertView" */;
			buildPhases = (
				092D6F0E1BC3A54600F415E9 /* Sources */,
				092D6F0F1BC3A54600F415E9 /* Frameworks */,
				092D6F101BC3A54600F415E9 /* Resources */,
			);
			buildRules = (
			);
			dependencies = (
			);
			name = ELSimpleAlertView;
			productName = ELSimpleAlertView;
			productReference = 092D6F121BC3A54600F415E9 /* ELSimpleAlertView.app */;
			productType = "com.apple.product-type.application";
		};
		092D6F2A1BC3A54600F415E9 /* ELSimpleAlertViewTests */ = {
			isa = PBXNativeTarget;
			buildConfigurationList = 092D6F421BC3A54600F415E9 /* Build configuration list for PBXNativeTarget "ELSimpleAlertViewTests" */;
			buildPhases = (
				092D6F271BC3A54600F415E9 /* Sources */,
				092D6F281BC3A54600F415E9 /* Frameworks */,
				092D6F291BC3A54600F415E9 /* Resources */,
			);
			buildRules = (
			);
			dependencies = (
				092D6F2D1BC3A54600F415E9 /* PBXTargetDependency */,
			);
			name = ELSimpleAlertViewTests;
			productName = ELSimpleAlertViewTests;
			productReference = 092D6F2B1BC3A54600F415E9 /* ELSimpleAlertViewTests.xctest */;
			productType = "com.apple.product-type.bundle.unit-test";
		};
		092D6F351BC3A54600F415E9 /* ELSimpleAlertViewUITests */ = {
			isa = PBXNativeTarget;
			buildConfigurationList = 092D6F451BC3A54600F415E9 /* Build configuration list for PBXNativeTarget "ELSimpleAlertViewUITests" */;
			buildPhases = (
				092D6F321BC3A54600F415E9 /* Sources */,
				092D6F331BC3A54600F415E9 /* Frameworks */,
				092D6F341BC3A54600F415E9 /* Resources */,
			);
			buildRules = (
			);
			dependencies = (
				092D6F381BC3A54600F415E9 /* PBXTargetDependency */,
			);
			name = ELSimpleAlertViewUITests;
			productName = ELSimpleAlertViewUITests;
			productReference = 092D6F361BC3A54600F415E9 /* ELSimpleAlertViewUITests.xctest */;
			productType = "com.apple.product-type.bundle.ui-testing";
		};
/* End PBXNativeTarget section */

/* Begin PBXProject section */
		092D6F0A1BC3A54600F415E9 /* Project object */ = {
			isa = PBXProject;
			attributes = {
				LastUpgradeCheck = 0700;
				ORGANIZATIONNAME = EvanLu;
				TargetAttributes = {
					092D6F111BC3A54600F415E9 = {
						CreatedOnToolsVersion = 7.0.1;
					};
					092D6F2A1BC3A54600F415E9 = {
						CreatedOnToolsVersion = 7.0.1;
						TestTargetID = 092D6F111BC3A54600F415E9;
					};
					092D6F351BC3A54600F415E9 = {
						CreatedOnToolsVersion = 7.0.1;
						TestTargetID = 092D6F111BC3A54600F415E9;
					};
				};
			};
			buildConfigurationList = 092D6F0D1BC3A54600F415E9 /* Build configuration list for PBXProject "ELSimpleAlertView" */;
			compatibilityVersion = "Xcode 3.2";
			developmentRegion = English;
			hasScannedForEncodings = 0;
			knownRegions = (
				en,
				Base,
			);
			mainGroup = 092D6F091BC3A54600F415E9;
			productRefGroup = 092D6F131BC3A54600F415E9 /* Products */;
			projectDirPath = "";
			projectRoot = "";
			targets = (
				092D6F111BC3A54600F415E9 /* ELSimpleAlertView */,
				092D6F2A1BC3A54600F415E9 /* ELSimpleAlertViewTests */,
				092D6F351BC3A54600F415E9 /* ELSimpleAlertViewUITests */,
			);
		};
/* End PBXProject section */

/* Begin PBXResourcesBuildPhase section */
		092D6F101BC3A54600F415E9 /* Resources */ = {
			isa = PBXResourcesBuildPhase;
			buildActionMask = 2147483647;
			files = (
				092D6F251BC3A54600F415E9 /* LaunchScreen.storyboard in Resources */,
				092D6F221BC3A54600F415E9 /* Assets.xcassets in Resources */,
				092D6F201BC3A54600F415E9 /* Main.storyboard in Resources */,
			);
			runOnlyForDeploymentPostprocessing = 0;
		};
		092D6F291BC3A54600F415E9 /* Resources */ = {
			isa = PBXResourcesBuildPhase;
			buildActionMask = 2147483647;
			files = (
			);
			runOnlyForDeploymentPostprocessing = 0;
		};
		092D6F341BC3A54600F415E9 /* Resources */ = {
			isa = PBXResourcesBuildPhase;
			buildActionMask = 2147483647;
			files = (
			);
			runOnlyForDeploymentPostprocessing = 0;
		};
/* End PBXResourcesBuildPhase section */

/* Begin PBXSourcesBuildPhase section */
		092D6F0E1BC3A54600F415E9 /* Sources */ = {
			isa = PBXSourcesBuildPhase;
			buildActionMask = 2147483647;
			files = (
				092D6F4A1BC3A57600F415E9 /* ELSimpleAlertView.m in Sources */,
				092D6F1D1BC3A54600F415E9 /* ViewController.m in Sources */,
				092D6F1A1BC3A54600F415E9 /* AppDelegate.m in Sources */,
				092D6F171BC3A54600F415E9 /* main.m in Sources */,
			);
			runOnlyForDeploymentPostprocessing = 0;
		};
		092D6F271BC3A54600F415E9 /* Sources */ = {
			isa = PBXSourcesBuildPhase;
			buildActionMask = 2147483647;
			files = (
				092D6F301BC3A54600F415E9 /* ELSimpleAlertViewTests.m in Sources */,
			);
			runOnlyForDeploymentPostprocessing = 0;
		};
		092D6F321BC3A54600F415E9 /* Sources */ = {
			isa = PBXSourcesBuildPhase;
			buildActionMask = 2147483647;
			files = (
				092D6F3B1BC3A54600F415E9 /* ELSimpleAlertViewUITests.m in Sources */,
			);
			runOnlyForDeploymentPostprocessing = 0;
		};
/* End PBXSourcesBuildPhase section */

/* Begin PBXTargetDependency section */
		092D6F2D1BC3A54600F415E9 /* PBXTargetDependency */ = {
			isa = PBXTargetDependency;
			target = 092D6F111BC3A54600F415E9 /* ELSimpleAlertView */;
			targetProxy = 092D6F2C1BC3A54600F415E9 /* PBXContainerItemProxy */;
		};
		092D6F381BC3A54600F415E9 /* PBXTargetDependency */ = {
			isa = PBXTargetDependency;
			target = 092D6F111BC3A54600F415E9 /* ELSimpleAlertView */;
			targetProxy = 092D6F371BC3A54600F415E9 /* PBXContainerItemProxy */;
		};
/* End PBXTargetDependency section */

/* Begin PBXVariantGroup section */
		092D6F1E1BC3A54600F415E9 /* Main.storyboard */ = {
			isa = PBXVariantGroup;
			children = (
				092D6F1F1BC3A54600F415E9 /* Base */,
			);
			name = Main.storyboard;
			sourceTree = "<group>";
		};
		092D6F231BC3A54600F415E9 /* LaunchScreen.storyboard */ = {
			isa = PBXVariantGroup;
			children = (
				092D6F241BC3A54600F415E9 /* Base */,
			);
			name = LaunchScreen.storyboard;
			sourceTree = "<group>";
		};
/* End PBXVariantGroup section */

/* Begin XCBuildConfiguration section */
		092D6F3D1BC3A54600F415E9 /* Debug */ = {
			isa = XCBuildConfiguration;
			buildSettings = {
				ALWAYS_SEARCH_USER_PATHS = NO;
				CLANG_CXX_LANGUAGE_STANDARD = "gnu++0x";
				CLANG_CXX_LIBRARY = "libc++";
				CLANG_ENABLE_MODULES = YES;
				CLANG_ENABLE_OBJC_ARC = YES;
				CLANG_WARN_BOOL_CONVERSION = YES;
				CLANG_WARN_CONSTANT_CONVERSION = YES;
				CLANG_WARN_DIRECT_OBJC_ISA_USAGE = YES_ERROR;
				CLANG_WARN_EMPTY_BODY = YES;
				CLANG_WARN_ENUM_CONVERSION = YES;
				CLANG_WARN_INT_CONVERSION = YES;
				CLANG_WARN_OBJC_ROOT_CLASS = YES_ERROR;
				CLANG_WARN_UNREACHABLE_CODE = YES;
				CLANG_WARN__DUPLICATE_METHOD_MATCH = YES;
				"CODE_SIGN_IDENTITY[sdk=iphoneos*]" = "iPhone Developer";
				COPY_PHASE_STRIP = NO;
				DEBUG_INFORMATION_FORMAT = dwarf;
				ENABLE_STRICT_OBJC_MSGSEND = YES;
				ENABLE_TESTABILITY = YES;
				GCC_C_LANGUAGE_STANDARD = gnu99;
				GCC_DYNAMIC_NO_PIC = NO;
				GCC_NO_COMMON_BLOCKS = YES;
				GCC_OPTIMIZATION_LEVEL = 0;
				GCC_PREPROCESSOR_DEFINITIONS = (
					"DEBUG=1",
					"$(inherited)",
				);
				GCC_WARN_64_TO_32_BIT_CONVERSION = YES;
				GCC_WARN_ABOUT_RETURN_TYPE = YES_ERROR;
				GCC_WARN_UNDECLARED_SELECTOR = YES;
				GCC_WARN_UNINITIALIZED_AUTOS = YES_AGGRESSIVE;
				GCC_WARN_UNUSED_FUNCTION = YES;
				GCC_WARN_UNUSED_VARIABLE = YES;
				IPHONEOS_DEPLOYMENT_TARGET = 9.0;
				MTL_ENABLE_DEBUG_INFO = YES;
				ONLY_ACTIVE_ARCH = YES;
				SDKROOT = iphoneos;
				TARGETED_DEVICE_FAMILY = "1,2";
			};
			name = Debug;
		};
		092D6F3E1BC3A54600F415E9 /* Release */ = {
			isa = XCBuildConfiguration;
			buildSettings = {
				ALWAYS_SEARCH_USER_PATHS = NO;
				CLANG_CXX_LANGUAGE_STANDARD = "gnu++0x";
				CLANG_CXX_LIBRARY = "libc++";
				CLANG_ENABLE_MODULES = YES;
				CLANG_ENABLE_OBJC_ARC = YES;
				CLANG_WARN_BOOL_CONVERSION = YES;
				CLANG_WARN_CONSTANT_CONVERSION = YES;
				CLANG_WARN_DIRECT_OBJC_ISA_USAGE = YES_ERROR;
				CLANG_WARN_EMPTY_BODY = YES;
				CLANG_WARN_ENUM_CONVERSION = YES;
				CLANG_WARN_INT_CONVERSION = YES;
				CLANG_WARN_OBJC_ROOT_CLASS = YES_ERROR;
				CLANG_WARN_UNREACHABLE_CODE = YES;
				CLANG_WARN__DUPLICATE_METHOD_MATCH = YES;
				"CODE_SIGN_IDENTITY[sdk=iphoneos*]" = "iPhone Developer";
				COPY_PHASE_STRIP = NO;
				DEBUG_INFORMATION_FORMAT = "dwarf-with-dsym";
				ENABLE_NS_ASSERTIONS = NO;
				ENABLE_STRICT_OBJC_MSGSEND = YES;
				GCC_C_LANGUAGE_STANDARD = gnu99;
				GCC_NO_COMMON_BLOCKS = YES;
				GCC_WARN_64_TO_32_BIT_CONVERSION = YES;
				GCC_WARN_ABOUT_RETURN_TYPE = YES_ERROR;
				GCC_WARN_UNDECLARED_SELECTOR = YES;
				GCC_WARN_UNINITIALIZED_AUTOS = YES_AGGRESSIVE;
				GCC_WARN_UNUSED_FUNCTION = YES;
				GCC_WARN_UNUSED_VARIABLE = YES;
				IPHONEOS_DEPLOYMENT_TARGET = 9.0;
				MTL_ENABLE_DEBUG_INFO = NO;
				SDKROOT = iphoneos;
				TARGETED_DEVICE_FAMILY = "1,2";
				VALIDATE_PRODUCT = YES;
			};
			name = Release;
		};
		092D6F401BC3A54600F415E9 /* Debug */ = {
			isa = XCBuildConfiguration;
			buildSettings = {
				ASSETCATALOG_COMPILER_APPICON_NAME = AppIcon;
				INFOPLIST_FILE = ELSimpleAlertView/Info.plist;
				LD_RUNPATH_SEARCH_PATHS = "$(inherited) @executable_path/Frameworks";
				PRODUCT_BUNDLE_IDENTIFIER = Evan.ELSimpleAlertView;
				PRODUCT_NAME = "$(TARGET_NAME)";
			};
			name = Debug;
		};
		092D6F411BC3A54600F415E9 /* Release */ = {
			isa = XCBuildConfiguration;
			buildSettings = {
				ASSETCATALOG_COMPILER_APPICON_NAME = AppIcon;
				INFOPLIST_FILE = ELSimpleAlertView/Info.plist;
				LD_RUNPATH_SEARCH_PATHS = "$(inherited) @executable_path/Frameworks";
				PRODUCT_BUNDLE_IDENTIFIER = Evan.ELSimpleAlertView;
				PRODUCT_NAME = "$(TARGET_NAME)";
			};
			name = Release;
		};
		092D6F431BC3A54600F415E9 /* Debug */ = {
			isa = XCBuildConfiguration;
			buildSettings = {
				BUNDLE_LOADER = "$(TEST_HOST)";
				INFOPLIST_FILE = ELSimpleAlertViewTests/Info.plist;
				LD_RUNPATH_SEARCH_PATHS = "$(inherited) @executable_path/Frameworks @loader_path/Frameworks";
				PRODUCT_BUNDLE_IDENTIFIER = Evan.ELSimpleAlertViewTests;
				PRODUCT_NAME = "$(TARGET_NAME)";
				TEST_HOST = "$(BUILT_PRODUCTS_DIR)/ELSimpleAlertView.app/ELSimpleAlertView";
			};
			name = Debug;
		};
		092D6F441BC3A54600F415E9 /* Release */ = {
			isa = XCBuildConfiguration;
			buildSettings = {
				BUNDLE_LOADER = "$(TEST_HOST)";
				INFOPLIST_FILE = ELSimpleAlertViewTests/Info.plist;
				LD_RUNPATH_SEARCH_PATHS = "$(inherited) @executable_path/Frameworks @loader_path/Frameworks";
				PRODUCT_BUNDLE_IDENTIFIER = Evan.ELSimpleAlertViewTests;
				PRODUCT_NAME = "$(TARGET_NAME)";
				TEST_HOST = "$(BUILT_PRODUCTS_DIR)/ELSimpleAlertView.app/ELSimpleAlertView";
			};
			name = Release;
		};
		092D6F461BC3A54600F415E9 /* Debug */ = {
			isa = XCBuildConfiguration;
			buildSettings = {
				INFOPLIST_FILE = ELSimpleAlertViewUITests/Info.plist;
				LD_RUNPATH_SEARCH_PATHS = "$(inherited) @executable_path/Frameworks @loader_path/Frameworks";
				PRODUCT_BUNDLE_IDENTIFIER = Evan.ELSimpleAlertViewUITests;
				PRODUCT_NAME = "$(TARGET_NAME)";
				TEST_TARGET_NAME = ELSimpleAlertView;
				USES_XCTRUNNER = YES;
			};
			name = Debug;
		};
		092D6F471BC3A54600F415E9 /* Release */ = {
			isa = XCBuildConfiguration;
			buildSettings = {
				INFOPLIST_FILE = ELSimpleAlertViewUITests/Info.plist;
				LD_RUNPATH_SEARCH_PATHS = "$(inherited) @executable_path/Frameworks @loader_path/Frameworks";
				PRODUCT_BUNDLE_IDENTIFIER = Evan.ELSimpleAlertViewUITests;
				PRODUCT_NAME = "$(TARGET_NAME)";
				TEST_TARGET_NAME = ELSimpleAlertView;
				USES_XCTRUNNER = YES;
			};
			name = Release;
		};
/* End XCBuildConfiguration section */

/* Begin XCConfigurationList section */
		092D6F0D1BC3A54600F415E9 /* Build configuration list for PBXProject "ELSimpleAlertView" */ = {
			isa = XCConfigurationList;
			buildConfigurations = (
				092D6F3D1BC3A54600F415E9 /* Debug */,
				092D6F3E1BC3A54600F415E9 /* Release */,
			);
			defaultConfigurationIsVisible = 0;
			defaultConfigurationName = Release;
		};
		092D6F3F1BC3A54600F415E9 /* Build configuration list for PBXNativeTarget "ELSimpleAlertView" */ = {
			isa = XCConfigurationList;
			buildConfigurations = (
				092D6F401BC3A54600F415E9 /* Debug */,
				092D6F411BC3A54600F415E9 /* Release */,
			);
			defaultConfigurationIsVisible = 0;
		};
		092D6F421BC3A54600F415E9 /* Build configuration list for PBXNativeTarget "ELSimpleAlertViewTests" */ = {
			isa = XCConfigurationList;
			buildConfigurations = (
				092D6F431BC3A54600F415E9 /* Debug */,
				092D6F441BC3A54600F415E9 /* Release */,
			);
			defaultConfigurationIsVisible = 0;
		};
		092D6F451BC3A54600F415E9 /* Build configuration list for PBXNativeTarget "ELSimpleAlertViewUITests" */ = {
			isa = XCConfigurationList;
			buildConfigurations = (
				092D6F461BC3A54600F415E9 /* Debug */,
				092D6F471BC3A54600F415E9 /* Release */,
			);
			defaultConfigurationIsVisible = 0;
		};
/* End XCConfigurationList section */
	};
	rootObject = 092D6F0A1BC3A54600F415E9 /* Project object */;
}
